
Microsoft Visual Studio Solution File, Format Version 12.00
# Visual Studio Version 16
VisualStudioVersion = 16.0.30914.41
MinimumVisualStudioVersion = 10.0.40219.1
Project("{9A19103F-16F7-4668-BE54-9A1E7A4F7556}") = "Arnolyzer.Analyzers", "Arnolyzer.Analyzers\Arnolyzer.Analyzers.csproj", "{0EAB24DA-09A0-4340-8DA4-540D3DDEBBF4}"
EndProject
Project("{9A19103F-16F7-4668-BE54-9A1E7A4F7556}") = "Arnolyzer.Tests", "Arnolyzer.Tests\Arnolyzer.Tests.csproj", "{2EE79969-B041-47B1-81CF-1BA096902B49}"
EndProject
Project("{9A19103F-16F7-4668-BE54-9A1E7A4F7556}") = "ArnolyzerDocumentationGenerator", "ArnolyzerDocumentationGenerator\ArnolyzerDocumentationGenerator.csproj", "{DD0CAC1C-970D-438B-BD62-C52EC5E9842D}"
EndProject
Global
	GlobalSection(SolutionConfigurationPlatforms) = preSolution
		Debug|Any CPU = Debug|Any CPU
		Release|Any CPU = Release|Any CPU
	EndGlobalSection
	GlobalSection(ProjectConfigurationPlatforms) = postSolution
		{0EAB24DA-09A0-4340-8DA4-540D3DDEBBF4}.Debug|Any CPU.ActiveCfg = Debug|Any CPU
		{0EAB24DA-09A0-4340-8DA4-540D3DDEBBF4}.Debug|Any CPU.Build.0 = Debug|Any CPU
		{0EAB24DA-09A0-4340-8DA4-540D3DDEBBF4}.Release|Any CPU.ActiveCfg = Release|Any CPU
		{0EAB24DA-09A0-4340-8DA4-540D3DDEBBF4}.Release|Any CPU.Build.0 = Release|Any CPU
		{2EE79969-B041-47B1-81CF-1BA096902B49}.Debug|Any CPU.ActiveCfg = Debug|Any CPU
		{2EE79969-B041-47B1-81CF-1BA096902B49}.Debug|Any CPU.Build.0 = Debug|Any CPU
		{2EE79969-B041-47B1-81CF-1BA096902B49}.Release|Any CPU.ActiveCfg = Release|Any CPU
		{2EE79969-B041-47B1-81CF-1BA096902B49}.Release|Any CPU.Build.0 = Release|Any CPU
		{DD0CAC1C-970D-438B-BD62-C52EC5E9842D}.Debug|Any CPU.ActiveCfg = Debug|Any CPU
		{DD0CAC1C-970D-438B-BD62-C52EC5E9842D}.Debug|Any CPU.Build.0 = Debug|Any CPU
		{DD0CAC1C-970D-438B-BD62-C52EC5E9842D}.Release|Any CPU.ActiveCfg = Release|Any CPU
		{DD0CAC1C-970D-438B-BD62-C52EC5E9842D}.Release|Any CPU.Build.0 = Release|Any CPU
	EndGlobalSection
	GlobalSection(SolutionProperties) = preSolution
		HideSolutionNode = FALSE
	EndGlobalSection
	GlobalSection(ExtensibilityGlobals) = postSolution
		SolutionGuid = {9C6166F5-6931-4AC0-91AB-FC573DFF1652}
	EndGlobalSection
EndGlobal
